
Microsoft Visual Studio Solution File, Format Version 12.00
# Visual Studio 15
Project("{FAE04EC0-301F-11D3-BF4B-00C04F79EFBC}") = "Assembly-CSharp", "Assembly-CSharp.csproj", "{42373493-4E65-B971-4EC4-3886E1DEF3F0}"
EndProject
Project("{FAE04EC0-301F-11D3-BF4B-00C04F79EFBC}") = "Assembly-CSharp-Editor", "Assembly-CSharp-Editor.csproj", "{D0766AEE-9BD3-B456-B643-1B4D65FE07DB}"
EndProject
Global
	GlobalSection(SolutionConfigurationPlatforms) = preSolution
		Debug|Any CPU = Debug|Any CPU
		Release|Any CPU = Release|Any CPU
	EndGlobalSection
	GlobalSection(ProjectConfigurationPlatforms) = postSolution
		{42373493-4E65-B971-4EC4-3886E1DEF3F0}.Debug|Any CPU.ActiveCfg = Debug|Any CPU
		{42373493-4E65-B971-4EC4-3886E1DEF3F0}.Debug|Any CPU.Build.0 = Debug|Any CPU
		{42373493-4E65-B971-4EC4-3886E1DEF3F0}.Release|Any CPU.ActiveCfg = Release|Any CPU
		{42373493-4E65-B971-4EC4-3886E1DEF3F0}.Release|Any CPU.Build.0 = Release|Any CPU
		{D0766AEE-9BD3-B456-B643-1B4D65FE07DB}.Debug|Any CPU.ActiveCfg = Debug|Any CPU
		{D0766AEE-9BD3-B456-B643-1B4D65FE07DB}.Debug|Any CPU.Build.0 = Debug|Any CPU
		{D0766AEE-9BD3-B456-B643-1B4D65FE07DB}.Release|Any CPU.ActiveCfg = Release|Any CPU
		{D0766AEE-9BD3-B456-B643-1B4D65FE07DB}.Release|Any CPU.Build.0 = Release|Any CPU
	EndGlobalSection
	GlobalSection(SolutionProperties) = preSolution
		HideSolutionNode = FALSE
	EndGlobalSection
EndGlobal
